// !$*UTF8*$!
{
	archiveVersion = 1;
	classes = {
	};
	objectVersion = 50;
	objects = {

/* Begin PBXBuildFile section */
		2A1319A924FDDE5D0019C649 /* AppDelegate.swift in Sources */ = {isa = PBXBuildFile; fileRef = 2A1319A824FDDE5D0019C649 /* AppDelegate.swift */; };
		2A1319AB24FDDE5D0019C649 /* SceneDelegate.swift in Sources */ = {isa = PBXBuildFile; fileRef = 2A1319AA24FDDE5D0019C649 /* SceneDelegate.swift */; };
		2A1319AD24FDDE5D0019C649 /* QuestionViewController.swift in Sources */ = {isa = PBXBuildFile; fileRef = 2A1319AC24FDDE5D0019C649 /* QuestionViewController.swift */; };
		2A1319B024FDDE5D0019C649 /* Main.storyboard in Resources */ = {isa = PBXBuildFile; fileRef = 2A1319AE24FDDE5D0019C649 /* Main.storyboard */; };
		2A1319B224FDDE5F0019C649 /* Assets.xcassets in Resources */ = {isa = PBXBuildFile; fileRef = 2A1319B124FDDE5F0019C649 /* Assets.xcassets */; };
		2A1319B524FDDE5F0019C649 /* LaunchScreen.storyboard in Resources */ = {isa = PBXBuildFile; fileRef = 2A1319B324FDDE5F0019C649 /* LaunchScreen.storyboard */; };
		2A1319C224FDEA490019C649 /* DBNetworkController.swift in Sources */ = {isa = PBXBuildFile; fileRef = 2A1319C124FDEA490019C649 /* DBNetworkController.swift */; };
		2A1319C424FDEA7F0019C649 /* DataPersistenceManager.swift in Sources */ = {isa = PBXBuildFile; fileRef = 2A1319C324FDEA7F0019C649 /* DataPersistenceManager.swift */; };
		2A1319C624FDF04B0019C649 /* DBItem.swift in Sources */ = {isa = PBXBuildFile; fileRef = 2A1319C524FDF04B0019C649 /* DBItem.swift */; };
		2A1319C824FDF1450019C649 /* DBFeed.swift in Sources */ = {isa = PBXBuildFile; fileRef = 2A1319C724FDF1450019C649 /* DBFeed.swift */; };
		2A1319CD24FE09C00019C649 /* UIViewController.+Extension.swift in Sources */ = {isa = PBXBuildFile; fileRef = 2A1319CC24FE09C00019C649 /* UIViewController.+Extension.swift */; };
		2A1319D124FE2D810019C649 /* DBError.swift in Sources */ = {isa = PBXBuildFile; fileRef = 2A1319D024FE2D810019C649 /* DBError.swift */; };
		2A1319D424FF201D0019C649 /* ActivityIndicatorViewController.swift in Sources */ = {isa = PBXBuildFile; fileRef = 2A1319D324FF201D0019C649 /* ActivityIndicatorViewController.swift */; };
		2A78FE8724FF6D9400DAA091 /* String+Extension.swift in Sources */ = {isa = PBXBuildFile; fileRef = 2A78FE8624FF6D9400DAA091 /* String+Extension.swift */; };
		2A78FE8B24FF7A5D00DAA091 /* QuestionViewController+Extension.swift in Sources */ = {isa = PBXBuildFile; fileRef = 2A78FE8A24FF7A5D00DAA091 /* QuestionViewController+Extension.swift */; };
		2A78FE8D24FF9E1600DAA091 /* AnswerViewController.swift in Sources */ = {isa = PBXBuildFile; fileRef = 2A78FE8C24FF9E1600DAA091 /* AnswerViewController.swift */; };
/* End PBXBuildFile section */

/* Begin PBXFileReference section */
		2A1319A524FDDE5D0019C649 /* DailyBuzz.app */ = {isa = PBXFileReference; explicitFileType = wrapper.application; includeInIndex = 0; path = DailyBuzz.app; sourceTree = BUILT_PRODUCTS_DIR; };
		2A1319A824FDDE5D0019C649 /* AppDelegate.swift */ = {isa = PBXFileReference; lastKnownFileType = sourcecode.swift; path = AppDelegate.swift; sourceTree = "<group>"; };
		2A1319AA24FDDE5D0019C649 /* SceneDelegate.swift */ = {isa = PBXFileReference; lastKnownFileType = sourcecode.swift; path = SceneDelegate.swift; sourceTree = "<group>"; };
		2A1319AC24FDDE5D0019C649 /* QuestionViewController.swift */ = {isa = PBXFileReference; lastKnownFileType = sourcecode.swift; path = QuestionViewController.swift; sourceTree = "<group>"; };
		2A1319AF24FDDE5D0019C649 /* Base */ = {isa = PBXFileReference; lastKnownFileType = file.storyboard; name = Base; path = Base.lproj/Main.storyboard; sourceTree = "<group>"; };
		2A1319B124FDDE5F0019C649 /* Assets.xcassets */ = {isa = PBXFileReference; lastKnownFileType = folder.assetcatalog; path = Assets.xcassets; sourceTree = "<group>"; };
		2A1319B424FDDE5F0019C649 /* Base */ = {isa = PBXFileReference; lastKnownFileType = file.storyboard; name = Base; path = Base.lproj/LaunchScreen.storyboard; sourceTree = "<group>"; };
		2A1319B624FDDE5F0019C649 /* Info.plist */ = {isa = PBXFileReference; lastKnownFileType = text.plist.xml; path = Info.plist; sourceTree = "<group>"; };
		2A1319C124FDEA490019C649 /* DBNetworkController.swift */ = {isa = PBXFileReference; lastKnownFileType = sourcecode.swift; path = DBNetworkController.swift; sourceTree = "<group>"; };
		2A1319C324FDEA7F0019C649 /* DataPersistenceManager.swift */ = {isa = PBXFileReference; lastKnownFileType = sourcecode.swift; path = DataPersistenceManager.swift; sourceTree = "<group>"; };
		2A1319C524FDF04B0019C649 /* DBItem.swift */ = {isa = PBXFileReference; lastKnownFileType = sourcecode.swift; path = DBItem.swift; sourceTree = "<group>"; };
		2A1319C724FDF1450019C649 /* DBFeed.swift */ = {isa = PBXFileReference; lastKnownFileType = sourcecode.swift; path = DBFeed.swift; sourceTree = "<group>"; };
		2A1319CC24FE09C00019C649 /* UIViewController.+Extension.swift */ = {isa = PBXFileReference; lastKnownFileType = sourcecode.swift; path = "UIViewController.+Extension.swift"; sourceTree = "<group>"; };
		2A1319D024FE2D810019C649 /* DBError.swift */ = {isa = PBXFileReference; lastKnownFileType = sourcecode.swift; path = DBError.swift; sourceTree = "<group>"; };
		2A1319D324FF201D0019C649 /* ActivityIndicatorViewController.swift */ = {isa = PBXFileReference; lastKnownFileType = sourcecode.swift; path = ActivityIndicatorViewController.swift; sourceTree = "<group>"; };
		2A78FE8624FF6D9400DAA091 /* String+Extension.swift */ = {isa = PBXFileReference; lastKnownFileType = sourcecode.swift; path = "String+Extension.swift"; sourceTree = "<group>"; };
		2A78FE8A24FF7A5D00DAA091 /* QuestionViewController+Extension.swift */ = {isa = PBXFileReference; lastKnownFileType = sourcecode.swift; path = "QuestionViewController+Extension.swift"; sourceTree = "<group>"; };
		2A78FE8C24FF9E1600DAA091 /* AnswerViewController.swift */ = {isa = PBXFileReference; lastKnownFileType = sourcecode.swift; path = AnswerViewController.swift; sourceTree = "<group>"; };
/* End PBXFileReference section */

/* Begin PBXFrameworksBuildPhase section */
		2A1319A224FDDE5D0019C649 /* Frameworks */ = {
			isa = PBXFrameworksBuildPhase;
			buildActionMask = 2147483647;
			files = (
			);
			runOnlyForDeploymentPostprocessing = 0;
		};
/* End PBXFrameworksBuildPhase section */

/* Begin PBXGroup section */
		2A13199C24FDDE5D0019C649 = {
			isa = PBXGroup;
			children = (
				2A1319A724FDDE5D0019C649 /* DailyBuzz */,
				2A1319A624FDDE5D0019C649 /* Products */,
			);
			sourceTree = "<group>";
		};
		2A1319A624FDDE5D0019C649 /* Products */ = {
			isa = PBXGroup;
			children = (
				2A1319A524FDDE5D0019C649 /* DailyBuzz.app */,
			);
			name = Products;
			sourceTree = "<group>";
		};
		2A1319A724FDDE5D0019C649 /* DailyBuzz */ = {
			isa = PBXGroup;
			children = (
				2A1319BC24FDDE840019C649 /* Support */,
				2A1319C024FDDF130019C649 /* Model */,
				2A1319BE24FDDEE10019C649 /* Views */,
				2A1319BD24FDDE970019C649 /* ViewControllers */,
				2A78FE8824FF6F0E00DAA091 /* Extensions */,
				2A1319BF24FDDF000019C649 /* Assets */,
				2A1319B624FDDE5F0019C649 /* Info.plist */,
			);
			path = DailyBuzz;
			sourceTree = "<group>";
		};
		2A1319BC24FDDE840019C649 /* Support */ = {
			isa = PBXGroup;
			children = (
				2A1319A824FDDE5D0019C649 /* AppDelegate.swift */,
				2A1319AA24FDDE5D0019C649 /* SceneDelegate.swift */,
			);
			path = Support;
			sourceTree = "<group>";
		};
		2A1319BD24FDDE970019C649 /* ViewControllers */ = {
			isa = PBXGroup;
			children = (
				2A1319AC24FDDE5D0019C649 /* QuestionViewController.swift */,
				2A78FE8C24FF9E1600DAA091 /* AnswerViewController.swift */,
				2A1319D324FF201D0019C649 /* ActivityIndicatorViewController.swift */,
				2A1319CB24FE09550019C649 /* Extensions */,
			);
			path = ViewControllers;
			sourceTree = "<group>";
		};
		2A1319BE24FDDEE10019C649 /* Views */ = {
			isa = PBXGroup;
			children = (
				2A1319D224FF1F970019C649 /* Storyboards */,
			);
			path = Views;
			sourceTree = "<group>";
		};
		2A1319BF24FDDF000019C649 /* Assets */ = {
			isa = PBXGroup;
			children = (
				2A1319B124FDDE5F0019C649 /* Assets.xcassets */,
			);
			path = Assets;
			sourceTree = "<group>";
		};
		2A1319C024FDDF130019C649 /* Model */ = {
			isa = PBXGroup;
			children = (
				2A1319CA24FDF1880019C649 /* DBControllers */,
				2A1319C924FDF1670019C649 /* DBFeed */,
			);
			path = Model;
			sourceTree = "<group>";
		};
		2A1319C924FDF1670019C649 /* DBFeed */ = {
			isa = PBXGroup;
			children = (
				2A1319C724FDF1450019C649 /* DBFeed.swift */,
				2A1319C524FDF04B0019C649 /* DBItem.swift */,
				2A1319D024FE2D810019C649 /* DBError.swift */,
			);
			path = DBFeed;
			sourceTree = "<group>";
		};
		2A1319CA24FDF1880019C649 /* DBControllers */ = {
			isa = PBXGroup;
			children = (
				2A1319C124FDEA490019C649 /* DBNetworkController.swift */,
				2A1319C324FDEA7F0019C649 /* DataPersistenceManager.swift */,
			);
			path = DBControllers;
			sourceTree = "<group>";
		};
		2A1319CB24FE09550019C649 /* Extensions */ = {
			isa = PBXGroup;
			children = (
				2A78FE8A24FF7A5D00DAA091 /* QuestionViewController+Extension.swift */,
				2A1319CC24FE09C00019C649 /* UIViewController.+Extension.swift */,
			);
			path = Extensions;
			sourceTree = "<group>";
		};
		2A1319D224FF1F970019C649 /* Storyboards */ = {
			isa = PBXGroup;
			children = (
				2A1319AE24FDDE5D0019C649 /* Main.storyboard */,
				2A1319B324FDDE5F0019C649 /* LaunchScreen.storyboard */,
			);
			path = Storyboards;
			sourceTree = "<group>";
		};
		2A78FE8824FF6F0E00DAA091 /* Extensions */ = {
			isa = PBXGroup;
			children = (
				2A78FE8624FF6D9400DAA091 /* String+Extension.swift */,
			);
			path = Extensions;
			sourceTree = "<group>";
		};
/* End PBXGroup section */

/* Begin PBXNativeTarget section */
		2A1319A424FDDE5D0019C649 /* DailyBuzz */ = {
			isa = PBXNativeTarget;
			buildConfigurationList = 2A1319B924FDDE5F0019C649 /* Build configuration list for PBXNativeTarget "DailyBuzz" */;
			buildPhases = (
				2A1319A124FDDE5D0019C649 /* Sources */,
				2A1319A224FDDE5D0019C649 /* Frameworks */,
				2A1319A324FDDE5D0019C649 /* Resources */,
			);
			buildRules = (
			);
			dependencies = (
			);
			name = DailyBuzz;
			productName = DailyBuzz;
			productReference = 2A1319A524FDDE5D0019C649 /* DailyBuzz.app */;
			productType = "com.apple.product-type.application";
		};
/* End PBXNativeTarget section */

/* Begin PBXProject section */
		2A13199D24FDDE5D0019C649 /* Project object */ = {
			isa = PBXProject;
			attributes = {
				LastSwiftUpdateCheck = 1160;
				LastUpgradeCheck = 1160;
				ORGANIZATIONNAME = "SDI Group Inc.";
				TargetAttributes = {
					2A1319A424FDDE5D0019C649 = {
						CreatedOnToolsVersion = 11.6;
					};
				};
			};
			buildConfigurationList = 2A1319A024FDDE5D0019C649 /* Build configuration list for PBXProject "DailyBuzz" */;
			compatibilityVersion = "Xcode 9.3";
			developmentRegion = en;
			hasScannedForEncodings = 0;
			knownRegions = (
				en,
				Base,
			);
			mainGroup = 2A13199C24FDDE5D0019C649;
			productRefGroup = 2A1319A624FDDE5D0019C649 /* Products */;
			projectDirPath = "";
			projectRoot = "";
			targets = (
				2A1319A424FDDE5D0019C649 /* DailyBuzz */,
			);
		};
/* End PBXProject section */

/* Begin PBXResourcesBuildPhase section */
		2A1319A324FDDE5D0019C649 /* Resources */ = {
			isa = PBXResourcesBuildPhase;
			buildActionMask = 2147483647;
			files = (
				2A1319B524FDDE5F0019C649 /* LaunchScreen.storyboard in Resources */,
				2A1319B224FDDE5F0019C649 /* Assets.xcassets in Resources */,
				2A1319B024FDDE5D0019C649 /* Main.storyboard in Resources */,
			);
			runOnlyForDeploymentPostprocessing = 0;
		};
/* End PBXResourcesBuildPhase section */

/* Begin PBXSourcesBuildPhase section */
		2A1319A124FDDE5D0019C649 /* Sources */ = {
			isa = PBXSourcesBuildPhase;
			buildActionMask = 2147483647;
			files = (
				2A1319D124FE2D810019C649 /* DBError.swift in Sources */,
				2A78FE8724FF6D9400DAA091 /* String+Extension.swift in Sources */,
				2A1319C224FDEA490019C649 /* DBNetworkController.swift in Sources */,
				2A1319AD24FDDE5D0019C649 /* QuestionViewController.swift in Sources */,
				2A1319A924FDDE5D0019C649 /* AppDelegate.swift in Sources */,
				2A1319AB24FDDE5D0019C649 /* SceneDelegate.swift in Sources */,
				2A1319D424FF201D0019C649 /* ActivityIndicatorViewController.swift in Sources */,
				2A78FE8D24FF9E1600DAA091 /* AnswerViewController.swift in Sources */,
				2A1319C624FDF04B0019C649 /* DBItem.swift in Sources */,
				2A1319C424FDEA7F0019C649 /* DataPersistenceManager.swift in Sources */,
				2A78FE8B24FF7A5D00DAA091 /* QuestionViewController+Extension.swift in Sources */,
				2A1319CD24FE09C00019C649 /* UIViewController.+Extension.swift in Sources */,
				2A1319C824FDF1450019C649 /* DBFeed.swift in Sources */,
			);
			runOnlyForDeploymentPostprocessing = 0;
		};
/* End PBXSourcesBuildPhase section */

/* Begin PBXVariantGroup section */
		2A1319AE24FDDE5D0019C649 /* Main.storyboard */ = {
			isa = PBXVariantGroup;
			children = (
				2A1319AF24FDDE5D0019C649 /* Base */,
			);
			name = Main.storyboard;
			sourceTree = "<group>";
		};
		2A1319B324FDDE5F0019C649 /* LaunchScreen.storyboard */ = {
			isa = PBXVariantGroup;
			children = (
				2A1319B424FDDE5F0019C649 /* Base */,
			);
			name = LaunchScreen.storyboard;
			sourceTree = "<group>";
		};
/* End PBXVariantGroup section */

/* Begin XCBuildConfiguration section */
		2A1319B724FDDE5F0019C649 /* Debug */ = {
			isa = XCBuildConfiguration;
			buildSettings = {
				ALWAYS_SEARCH_USER_PATHS = NO;
				CLANG_ANALYZER_NONNULL = YES;
				CLANG_ANALYZER_NUMBER_OBJECT_CONVERSION = YES_AGGRESSIVE;
				CLANG_CXX_LANGUAGE_STANDARD = "gnu++14";
				CLANG_CXX_LIBRARY = "libc++";
				CLANG_ENABLE_MODULES = YES;
				CLANG_ENABLE_OBJC_ARC = YES;
				CLANG_ENABLE_OBJC_WEAK = YES;
				CLANG_WARN_BLOCK_CAPTURE_AUTORELEASING = YES;
				CLANG_WARN_BOOL_CONVERSION = YES;
				CLANG_WARN_COMMA = YES;
				CLANG_WARN_CONSTANT_CONVERSION = YES;
				CLANG_WARN_DEPRECATED_OBJC_IMPLEMENTATIONS = YES;
				CLANG_WARN_DIRECT_OBJC_ISA_USAGE = YES_ERROR;
				CLANG_WARN_DOCUMENTATION_COMMENTS = YES;
				CLANG_WARN_EMPTY_BODY = YES;
				CLANG_WARN_ENUM_CONVERSION = YES;
				CLANG_WARN_INFINITE_RECURSION = YES;
				CLANG_WARN_INT_CONVERSION = YES;
				CLANG_WARN_NON_LITERAL_NULL_CONVERSION = YES;
				CLANG_WARN_OBJC_IMPLICIT_RETAIN_SELF = YES;
				CLANG_WARN_OBJC_LITERAL_CONVERSION = YES;
				CLANG_WARN_OBJC_ROOT_CLASS = YES_ERROR;
				CLANG_WARN_RANGE_LOOP_ANALYSIS = YES;
				CLANG_WARN_STRICT_PROTOTYPES = YES;
				CLANG_WARN_SUSPICIOUS_MOVE = YES;
				CLANG_WARN_UNGUARDED_AVAILABILITY = YES_AGGRESSIVE;
				CLANG_WARN_UNREACHABLE_CODE = YES;
				CLANG_WARN__DUPLICATE_METHOD_MATCH = YES;
				COPY_PHASE_STRIP = NO;
				DEBUG_INFORMATION_FORMAT = dwarf;
				ENABLE_STRICT_OBJC_MSGSEND = YES;
				ENABLE_TESTABILITY = YES;
				GCC_C_LANGUAGE_STANDARD = gnu11;
				GCC_DYNAMIC_NO_PIC = NO;
				GCC_NO_COMMON_BLOCKS = YES;
				GCC_OPTIMIZATION_LEVEL = 0;
				GCC_PREPROCESSOR_DEFINITIONS = (
					"DEBUG=1",
					"$(inherited)",
				);
				GCC_WARN_64_TO_32_BIT_CONVERSION = YES;
				GCC_WARN_ABOUT_RETURN_TYPE = YES_ERROR;
				GCC_WARN_UNDECLARED_SELECTOR = YES;
				GCC_WARN_UNINITIALIZED_AUTOS = YES_AGGRESSIVE;
				GCC_WARN_UNUSED_FUNCTION = YES;
				GCC_WARN_UNUSED_VARIABLE = YES;
				IPHONEOS_DEPLOYMENT_TARGET = 13.6;
				MTL_ENABLE_DEBUG_INFO = INCLUDE_SOURCE;
				MTL_FAST_MATH = YES;
				ONLY_ACTIVE_ARCH = YES;
				SDKROOT = iphoneos;
				SWIFT_ACTIVE_COMPILATION_CONDITIONS = DEBUG;
				SWIFT_OPTIMIZATION_LEVEL = "-Onone";
			};
			name = Debug;
		};
		2A1319B824FDDE5F0019C649 /* Release */ = {
			isa = XCBuildConfiguration;
			buildSettings = {
				ALWAYS_SEARCH_USER_PATHS = NO;
				CLANG_ANALYZER_NONNULL = YES;
				CLANG_ANALYZER_NUMBER_OBJECT_CONVERSION = YES_AGGRESSIVE;
				CLANG_CXX_LANGUAGE_STANDARD = "gnu++14";
				CLANG_CXX_LIBRARY = "libc++";
				CLANG_ENABLE_MODULES = YES;
				CLANG_ENABLE_OBJC_ARC = YES;
				CLANG_ENABLE_OBJC_WEAK = YES;
				CLANG_WARN_BLOCK_CAPTURE_AUTORELEASING = YES;
				CLANG_WARN_BOOL_CONVERSION = YES;
				CLANG_WARN_COMMA = YES;
				CLANG_WARN_CONSTANT_CONVERSION = YES;
				CLANG_WARN_DEPRECATED_OBJC_IMPLEMENTATIONS = YES;
				CLANG_WARN_DIRECT_OBJC_ISA_USAGE = YES_ERROR;
				CLANG_WARN_DOCUMENTATION_COMMENTS = YES;
				CLANG_WARN_EMPTY_BODY = YES;
				CLANG_WARN_ENUM_CONVERSION = YES;
				CLANG_WARN_INFINITE_RECURSION = YES;
				CLANG_WARN_INT_CONVERSION = YES;
				CLANG_WARN_NON_LITERAL_NULL_CONVERSION = YES;
				CLANG_WARN_OBJC_IMPLICIT_RETAIN_SELF = YES;
				CLANG_WARN_OBJC_LITERAL_CONVERSION = YES;
				CLANG_WARN_OBJC_ROOT_CLASS = YES_ERROR;
				CLANG_WARN_RANGE_LOOP_ANALYSIS = YES;
				CLANG_WARN_STRICT_PROTOTYPES = YES;
				CLANG_WARN_SUSPICIOUS_MOVE = YES;
				CLANG_WARN_UNGUARDED_AVAILABILITY = YES_AGGRESSIVE;
				CLANG_WARN_UNREACHABLE_CODE = YES;
				CLANG_WARN__DUPLICATE_METHOD_MATCH = YES;
				COPY_PHASE_STRIP = NO;
				DEBUG_INFORMATION_FORMAT = "dwarf-with-dsym";
				ENABLE_NS_ASSERTIONS = NO;
				ENABLE_STRICT_OBJC_MSGSEND = YES;
				GCC_C_LANGUAGE_STANDARD = gnu11;
				GCC_NO_COMMON_BLOCKS = YES;
				GCC_WARN_64_TO_32_BIT_CONVERSION = YES;
				GCC_WARN_ABOUT_RETURN_TYPE = YES_ERROR;
				GCC_WARN_UNDECLARED_SELECTOR = YES;
				GCC_WARN_UNINITIALIZED_AUTOS = YES_AGGRESSIVE;
				GCC_WARN_UNUSED_FUNCTION = YES;
				GCC_WARN_UNUSED_VARIABLE = YES;
				IPHONEOS_DEPLOYMENT_TARGET = 13.6;
				MTL_ENABLE_DEBUG_INFO = NO;
				MTL_FAST_MATH = YES;
				SDKROOT = iphoneos;
				SWIFT_COMPILATION_MODE = wholemodule;
				SWIFT_OPTIMIZATION_LEVEL = "-O";
				VALIDATE_PRODUCT = YES;
			};
			name = Release;
		};
		2A1319BA24FDDE5F0019C649 /* Debug */ = {
			isa = XCBuildConfiguration;
			buildSettings = {
				ASSETCATALOG_COMPILER_APPICON_NAME = AppIcon;
				CODE_SIGN_STYLE = Automatic;
				DEVELOPMENT_TEAM = 3KZZ5Z37DJ;
				INFOPLIST_FILE = DailyBuzz/Info.plist;
				LD_RUNPATH_SEARCH_PATHS = (
					"$(inherited)",
					"@executable_path/Frameworks",
				);
				PRODUCT_BUNDLE_IDENTIFIER = com.magicaltomato.DailyBuzz;
				PRODUCT_NAME = "$(TARGET_NAME)";
				SWIFT_VERSION = 5.0;
				TARGETED_DEVICE_FAMILY = 1;
			};
			name = Debug;
		};
		2A1319BB24FDDE5F0019C649 /* Release */ = {
			isa = XCBuildConfiguration;
			buildSettings = {
				ASSETCATALOG_COMPILER_APPICON_NAME = AppIcon;
				CODE_SIGN_STYLE = Automatic;
				DEVELOPMENT_TEAM = 3KZZ5Z37DJ;
				INFOPLIST_FILE = DailyBuzz/Info.plist;
				LD_RUNPATH_SEARCH_PATHS = (
					"$(inherited)",
					"@executable_path/Frameworks",
				);
				PRODUCT_BUNDLE_IDENTIFIER = com.magicaltomato.DailyBuzz;
				PRODUCT_NAME = "$(TARGET_NAME)";
				SWIFT_VERSION = 5.0;
				TARGETED_DEVICE_FAMILY = 1;
			};
			name = Release;
		};
/* End XCBuildConfiguration section */

/* Begin XCConfigurationList section */
		2A1319A024FDDE5D0019C649 /* Build configuration list for PBXProject "DailyBuzz" */ = {
			isa = XCConfigurationList;
			buildConfigurations = (
				2A1319B724FDDE5F0019C649 /* Debug */,
				2A1319B824FDDE5F0019C649 /* Release */,
			);
			defaultConfigurationIsVisible = 0;
			defaultConfigurationName = Release;
		};
		2A1319B924FDDE5F0019C649 /* Build configuration list for PBXNativeTarget "DailyBuzz" */ = {
			isa = XCConfigurationList;
			buildConfigurations = (
				2A1319BA24FDDE5F0019C649 /* Debug */,
				2A1319BB24FDDE5F0019C649 /* Release */,
			);
			defaultConfigurationIsVisible = 0;
			defaultConfigurationName = Release;
		};
/* End XCConfigurationList section */
	};
	rootObject = 2A13199D24FDDE5D0019C649 /* Project object */;
}
